
Microsoft Visual Studio Solution File, Format Version 12.00
# Visual Studio 15
VisualStudioVersion = 15.0.28307.1778
MinimumVisualStudioVersion = 10.0.40219.1
Project("{FAE04EC0-301F-11D3-BF4B-00C04F79EFBC}") = "DisplayCalenderWiseDates", "DisplayCalenderWiseDates\DisplayCalenderWiseDates.csproj", "{71C5BE03-1D2B-4259-A758-A3E29C17164E}"
EndProject
Global
	GlobalSection(SolutionConfigurationPlatforms) = preSolution
		Debug|Any CPU = Debug|Any CPU
		Release|Any CPU = Release|Any CPU
	EndGlobalSection
	GlobalSection(ProjectConfigurationPlatforms) = postSolution
		{71C5BE03-1D2B-4259-A758-A3E29C17164E}.Debug|Any CPU.ActiveCfg = Debug|Any CPU
		{71C5BE03-1D2B-4259-A758-A3E29C17164E}.Debug|Any CPU.Build.0 = Debug|Any CPU
		{71C5BE03-1D2B-4259-A758-A3E29C17164E}.Release|Any CPU.ActiveCfg = Release|Any CPU
		{71C5BE03-1D2B-4259-A758-A3E29C17164E}.Release|Any CPU.Build.0 = Release|Any CPU
	EndGlobalSection
	GlobalSection(SolutionProperties) = preSolution
		HideSolutionNode = FALSE
	EndGlobalSection
	GlobalSection(ExtensibilityGlobals) = postSolution
		SolutionGuid = {848D589E-6088-4542-9AF8-97F9537C6E21}
	EndGlobalSection
EndGlobal
